
Microsoft Visual Studio Solution File, Format Version 12.00
# Visual Studio Version 16
VisualStudioVersion = 16.0.31321.278
MinimumVisualStudioVersion = 10.0.40219.1
Project("{9A19103F-16F7-4668-BE54-9A1E7A4F7556}") = "Presentation", "Presentation\Presentation.csproj", "{035B5FC9-0251-4F17-8916-2F6B843C398E}"
EndProject
Project("{00D1A9C2-B5F0-4AF3-8072-F6C62B433612}") = "WeatherReportDb", "WeatherReportDb\WeatherReportDb.sqlproj", "{64C04156-9F5F-4874-861A-5158509E6C03}"
EndProject
Global
	GlobalSection(SolutionConfigurationPlatforms) = preSolution
		Debug|Any CPU = Debug|Any CPU
		Release|Any CPU = Release|Any CPU
	EndGlobalSection
	GlobalSection(ProjectConfigurationPlatforms) = postSolution
		{035B5FC9-0251-4F17-8916-2F6B843C398E}.Debug|Any CPU.ActiveCfg = Debug|Any CPU
		{035B5FC9-0251-4F17-8916-2F6B843C398E}.Debug|Any CPU.Build.0 = Debug|Any CPU
		{035B5FC9-0251-4F17-8916-2F6B843C398E}.Release|Any CPU.ActiveCfg = Release|Any CPU
		{035B5FC9-0251-4F17-8916-2F6B843C398E}.Release|Any CPU.Build.0 = Release|Any CPU
		{64C04156-9F5F-4874-861A-5158509E6C03}.Debug|Any CPU.ActiveCfg = Debug|Any CPU
		{64C04156-9F5F-4874-861A-5158509E6C03}.Debug|Any CPU.Build.0 = Debug|Any CPU
		{64C04156-9F5F-4874-861A-5158509E6C03}.Debug|Any CPU.Deploy.0 = Debug|Any CPU
		{64C04156-9F5F-4874-861A-5158509E6C03}.Release|Any CPU.ActiveCfg = Release|Any CPU
		{64C04156-9F5F-4874-861A-5158509E6C03}.Release|Any CPU.Build.0 = Release|Any CPU
		{64C04156-9F5F-4874-861A-5158509E6C03}.Release|Any CPU.Deploy.0 = Release|Any CPU
	EndGlobalSection
	GlobalSection(SolutionProperties) = preSolution
		HideSolutionNode = FALSE
	EndGlobalSection
	GlobalSection(ExtensibilityGlobals) = postSolution
		SolutionGuid = {3E278922-B2A6-4F18-8F68-C28FA8F504E5}
	EndGlobalSection
EndGlobal
